
Microsoft Visual Studio Solution File, Format Version 12.00
# Visual Studio 15
VisualStudioVersion = 15.0.26228.9
MinimumVisualStudioVersion = 10.0.40219.1
Project("{FAE04EC0-301F-11D3-BF4B-00C04F79EFBC}") = "2013108542-ENT", "2013108542-ENT\2013108542-ENT.csproj", "{35131EF9-19CF-40C4-B028-01832523CBA9}"
EndProject
Project("{FAE04EC0-301F-11D3-BF4B-00C04F79EFBC}") = "2013108542-PER", "2013108542-PER\2013108542-PER.csproj", "{EA7A17A4-1E94-4A94-A463-FDDA103E4791}"
EndProject
Project("{FAE04EC0-301F-11D3-BF4B-00C04F79EFBC}") = "2013108542-WebApi", "2013108542-WebApi\2013108542-WebApi.csproj", "{D2E813D8-2831-45E0-93F2-D7BC0A70D97F}"
EndProject
Project("{FAE04EC0-301F-11D3-BF4B-00C04F79EFBC}") = "2013108542-MVC", "2013108542-MVC\2013108542-MVC.csproj", "{8DCC68C3-9B37-4FFC-A6C7-8E29217BDC04}"
EndProject
Global
	GlobalSection(SolutionConfigurationPlatforms) = preSolution
		Debug|Any CPU = Debug|Any CPU
		Release|Any CPU = Release|Any CPU
	EndGlobalSection
	GlobalSection(ProjectConfigurationPlatforms) = postSolution
		{35131EF9-19CF-40C4-B028-01832523CBA9}.Debug|Any CPU.ActiveCfg = Debug|Any CPU
		{35131EF9-19CF-40C4-B028-01832523CBA9}.Debug|Any CPU.Build.0 = Debug|Any CPU
		{35131EF9-19CF-40C4-B028-01832523CBA9}.Release|Any CPU.ActiveCfg = Release|Any CPU
		{35131EF9-19CF-40C4-B028-01832523CBA9}.Release|Any CPU.Build.0 = Release|Any CPU
		{EA7A17A4-1E94-4A94-A463-FDDA103E4791}.Debug|Any CPU.ActiveCfg = Debug|Any CPU
		{EA7A17A4-1E94-4A94-A463-FDDA103E4791}.Debug|Any CPU.Build.0 = Debug|Any CPU
		{EA7A17A4-1E94-4A94-A463-FDDA103E4791}.Release|Any CPU.ActiveCfg = Release|Any CPU
		{EA7A17A4-1E94-4A94-A463-FDDA103E4791}.Release|Any CPU.Build.0 = Release|Any CPU
		{D2E813D8-2831-45E0-93F2-D7BC0A70D97F}.Debug|Any CPU.ActiveCfg = Debug|Any CPU
		{D2E813D8-2831-45E0-93F2-D7BC0A70D97F}.Debug|Any CPU.Build.0 = Debug|Any CPU
		{D2E813D8-2831-45E0-93F2-D7BC0A70D97F}.Release|Any CPU.ActiveCfg = Release|Any CPU
		{D2E813D8-2831-45E0-93F2-D7BC0A70D97F}.Release|Any CPU.Build.0 = Release|Any CPU
		{8DCC68C3-9B37-4FFC-A6C7-8E29217BDC04}.Debug|Any CPU.ActiveCfg = Debug|Any CPU
		{8DCC68C3-9B37-4FFC-A6C7-8E29217BDC04}.Debug|Any CPU.Build.0 = Debug|Any CPU
		{8DCC68C3-9B37-4FFC-A6C7-8E29217BDC04}.Release|Any CPU.ActiveCfg = Release|Any CPU
		{8DCC68C3-9B37-4FFC-A6C7-8E29217BDC04}.Release|Any CPU.Build.0 = Release|Any CPU
	EndGlobalSection
	GlobalSection(SolutionProperties) = preSolution
		HideSolutionNode = FALSE
	EndGlobalSection
EndGlobal
